// !$*UTF8*$!
{
	archiveVersion = 1;
	classes = {
	};
	objectVersion = 50;
	objects = {

/* Begin PBXBuildFile section */
		BB5350B5270959600055B143 /* AppDelegate.swift in Sources */ = {isa = PBXBuildFile; fileRef = BB5350B4270959600055B143 /* AppDelegate.swift */; };
		BB5350B7270959600055B143 /* SceneDelegate.swift in Sources */ = {isa = PBXBuildFile; fileRef = BB5350B6270959600055B143 /* SceneDelegate.swift */; };
		BB5350BE270959610055B143 /* Assets.xcassets in Resources */ = {isa = PBXBuildFile; fileRef = BB5350BD270959610055B143 /* Assets.xcassets */; };
		BB5350C1270959610055B143 /* LaunchScreen.storyboard in Resources */ = {isa = PBXBuildFile; fileRef = BB5350BF270959610055B143 /* LaunchScreen.storyboard */; };
		BB5350CC270959610055B143 /* BMI_CalculatorTests.swift in Sources */ = {isa = PBXBuildFile; fileRef = BB5350CB270959610055B143 /* BMI_CalculatorTests.swift */; };
		BB5350D7270959610055B143 /* BMI_CalculatorUITests.swift in Sources */ = {isa = PBXBuildFile; fileRef = BB5350D6270959610055B143 /* BMI_CalculatorUITests.swift */; };
		BB5350E727095AB70055B143 /* CalculatorBrain.swift in Sources */ = {isa = PBXBuildFile; fileRef = BB5350E627095AB70055B143 /* CalculatorBrain.swift */; };
		BB5350E927095AD20055B143 /* BMI.swift in Sources */ = {isa = PBXBuildFile; fileRef = BB5350E827095AD20055B143 /* BMI.swift */; };
		BB5350ED27095B550055B143 /* CalculateViewController.swift in Sources */ = {isa = PBXBuildFile; fileRef = BB5350EC27095B550055B143 /* CalculateViewController.swift */; };
		BB5350F727095F740055B143 /* Main.storyboard in Resources */ = {isa = PBXBuildFile; fileRef = BB5350F627095F740055B143 /* Main.storyboard */; };
		BB5350F9270969790055B143 /* ResultViewController.swift in Sources */ = {isa = PBXBuildFile; fileRef = BB5350F8270969790055B143 /* ResultViewController.swift */; };
		BB5350FB27096F8F0055B143 /* kad.swift in Sources */ = {isa = PBXBuildFile; fileRef = BB5350FA27096F8F0055B143 /* kad.swift */; };
/* End PBXBuildFile section */

/* Begin PBXContainerItemProxy section */
		BB5350C8270959610055B143 /* PBXContainerItemProxy */ = {
			isa = PBXContainerItemProxy;
			containerPortal = BB5350A9270959600055B143 /* Project object */;
			proxyType = 1;
			remoteGlobalIDString = BB5350B0270959600055B143;
			remoteInfo = "BMI Calculator";
		};
		BB5350D3270959610055B143 /* PBXContainerItemProxy */ = {
			isa = PBXContainerItemProxy;
			containerPortal = BB5350A9270959600055B143 /* Project object */;
			proxyType = 1;
			remoteGlobalIDString = BB5350B0270959600055B143;
			remoteInfo = "BMI Calculator";
		};
/* End PBXContainerItemProxy section */

/* Begin PBXFileReference section */
		BB5350B1270959600055B143 /* BMI Calculator.app */ = {isa = PBXFileReference; explicitFileType = wrapper.application; includeInIndex = 0; path = "BMI Calculator.app"; sourceTree = BUILT_PRODUCTS_DIR; };
		BB5350B4270959600055B143 /* AppDelegate.swift */ = {isa = PBXFileReference; lastKnownFileType = sourcecode.swift; path = AppDelegate.swift; sourceTree = "<group>"; };
		BB5350B6270959600055B143 /* SceneDelegate.swift */ = {isa = PBXFileReference; lastKnownFileType = sourcecode.swift; path = SceneDelegate.swift; sourceTree = "<group>"; };
		BB5350BD270959610055B143 /* Assets.xcassets */ = {isa = PBXFileReference; lastKnownFileType = folder.assetcatalog; path = Assets.xcassets; sourceTree = "<group>"; };
		BB5350C0270959610055B143 /* Base */ = {isa = PBXFileReference; lastKnownFileType = file.storyboard; name = Base; path = Base.lproj/LaunchScreen.storyboard; sourceTree = "<group>"; };
		BB5350C2270959610055B143 /* Info.plist */ = {isa = PBXFileReference; lastKnownFileType = text.plist.xml; path = Info.plist; sourceTree = "<group>"; };
		BB5350C7270959610055B143 /* BMI CalculatorTests.xctest */ = {isa = PBXFileReference; explicitFileType = wrapper.cfbundle; includeInIndex = 0; path = "BMI CalculatorTests.xctest"; sourceTree = BUILT_PRODUCTS_DIR; };
		BB5350CB270959610055B143 /* BMI_CalculatorTests.swift */ = {isa = PBXFileReference; lastKnownFileType = sourcecode.swift; path = BMI_CalculatorTests.swift; sourceTree = "<group>"; };
		BB5350CD270959610055B143 /* Info.plist */ = {isa = PBXFileReference; lastKnownFileType = text.plist.xml; path = Info.plist; sourceTree = "<group>"; };
		BB5350D2270959610055B143 /* BMI CalculatorUITests.xctest */ = {isa = PBXFileReference; explicitFileType = wrapper.cfbundle; includeInIndex = 0; path = "BMI CalculatorUITests.xctest"; sourceTree = BUILT_PRODUCTS_DIR; };
		BB5350D6270959610055B143 /* BMI_CalculatorUITests.swift */ = {isa = PBXFileReference; lastKnownFileType = sourcecode.swift; path = BMI_CalculatorUITests.swift; sourceTree = "<group>"; };
		BB5350D8270959610055B143 /* Info.plist */ = {isa = PBXFileReference; lastKnownFileType = text.plist.xml; path = Info.plist; sourceTree = "<group>"; };
		BB5350E627095AB70055B143 /* CalculatorBrain.swift */ = {isa = PBXFileReference; lastKnownFileType = sourcecode.swift; path = CalculatorBrain.swift; sourceTree = "<group>"; };
		BB5350E827095AD20055B143 /* BMI.swift */ = {isa = PBXFileReference; lastKnownFileType = sourcecode.swift; path = BMI.swift; sourceTree = "<group>"; };
		BB5350EC27095B550055B143 /* CalculateViewController.swift */ = {isa = PBXFileReference; lastKnownFileType = sourcecode.swift; path = CalculateViewController.swift; sourceTree = "<group>"; };
		BB5350F627095F740055B143 /* Main.storyboard */ = {isa = PBXFileReference; fileEncoding = 4; lastKnownFileType = file.storyboard; path = Main.storyboard; sourceTree = "<group>"; };
		BB5350F8270969790055B143 /* ResultViewController.swift */ = {isa = PBXFileReference; lastKnownFileType = sourcecode.swift; path = ResultViewController.swift; sourceTree = "<group>"; };
		BB5350FA27096F8F0055B143 /* kad.swift */ = {isa = PBXFileReference; lastKnownFileType = sourcecode.swift; path = kad.swift; sourceTree = "<group>"; };
/* End PBXFileReference section */

/* Begin PBXFrameworksBuildPhase section */
		BB5350AE270959600055B143 /* Frameworks */ = {
			isa = PBXFrameworksBuildPhase;
			buildActionMask = 2147483647;
			files = (
			);
			runOnlyForDeploymentPostprocessing = 0;
		};
		BB5350C4270959610055B143 /* Frameworks */ = {
			isa = PBXFrameworksBuildPhase;
			buildActionMask = 2147483647;
			files = (
			);
			runOnlyForDeploymentPostprocessing = 0;
		};
		BB5350CF270959610055B143 /* Frameworks */ = {
			isa = PBXFrameworksBuildPhase;
			buildActionMask = 2147483647;
			files = (
			);
			runOnlyForDeploymentPostprocessing = 0;
		};
/* End PBXFrameworksBuildPhase section */

/* Begin PBXGroup section */
		BB5350A8270959600055B143 = {
			isa = PBXGroup;
			children = (
				BB5350B3270959600055B143 /* BMI Calculator */,
				BB5350CA270959610055B143 /* BMI CalculatorTests */,
				BB5350D5270959610055B143 /* BMI CalculatorUITests */,
				BB5350B2270959600055B143 /* Products */,
			);
			sourceTree = "<group>";
		};
		BB5350B2270959600055B143 /* Products */ = {
			isa = PBXGroup;
			children = (
				BB5350B1270959600055B143 /* BMI Calculator.app */,
				BB5350C7270959610055B143 /* BMI CalculatorTests.xctest */,
				BB5350D2270959610055B143 /* BMI CalculatorUITests.xctest */,
			);
			name = Products;
			sourceTree = "<group>";
		};
		BB5350B3270959600055B143 /* BMI Calculator */ = {
			isa = PBXGroup;
			children = (
				BB5350EB27095B2C0055B143 /* Controllers */,
				BB5350EA27095AE80055B143 /* Views */,
				BB5350E527095A6B0055B143 /* Model */,
				BB5350B4270959600055B143 /* AppDelegate.swift */,
				BB5350B6270959600055B143 /* SceneDelegate.swift */,
				BB5350BD270959610055B143 /* Assets.xcassets */,
				BB5350BF270959610055B143 /* LaunchScreen.storyboard */,
				BB5350C2270959610055B143 /* Info.plist */,
			);
			path = "BMI Calculator";
			sourceTree = "<group>";
		};
		BB5350CA270959610055B143 /* BMI CalculatorTests */ = {
			isa = PBXGroup;
			children = (
				BB5350CB270959610055B143 /* BMI_CalculatorTests.swift */,
				BB5350CD270959610055B143 /* Info.plist */,
			);
			path = "BMI CalculatorTests";
			sourceTree = "<group>";
		};
		BB5350D5270959610055B143 /* BMI CalculatorUITests */ = {
			isa = PBXGroup;
			children = (
				BB5350D6270959610055B143 /* BMI_CalculatorUITests.swift */,
				BB5350D8270959610055B143 /* Info.plist */,
			);
			path = "BMI CalculatorUITests";
			sourceTree = "<group>";
		};
		BB5350E527095A6B0055B143 /* Model */ = {
			isa = PBXGroup;
			children = (
				BB5350E627095AB70055B143 /* CalculatorBrain.swift */,
				BB5350E827095AD20055B143 /* BMI.swift */,
			);
			path = Model;
			sourceTree = "<group>";
		};
		BB5350EA27095AE80055B143 /* Views */ = {
			isa = PBXGroup;
			children = (
				BB5350F627095F740055B143 /* Main.storyboard */,
				BB5350FA27096F8F0055B143 /* kad.swift */,
			);
			path = Views;
			sourceTree = "<group>";
		};
		BB5350EB27095B2C0055B143 /* Controllers */ = {
			isa = PBXGroup;
			children = (
				BB5350EC27095B550055B143 /* CalculateViewController.swift */,
				BB5350F8270969790055B143 /* ResultViewController.swift */,
			);
			path = Controllers;
			sourceTree = "<group>";
		};
/* End PBXGroup section */

/* Begin PBXNativeTarget section */
		BB5350B0270959600055B143 /* BMI Calculator */ = {
			isa = PBXNativeTarget;
			buildConfigurationList = BB5350DB270959610055B143 /* Build configuration list for PBXNativeTarget "BMI Calculator" */;
			buildPhases = (
				BB5350AD270959600055B143 /* Sources */,
				BB5350AE270959600055B143 /* Frameworks */,
				BB5350AF270959600055B143 /* Resources */,
			);
			buildRules = (
			);
			dependencies = (
			);
			name = "BMI Calculator";
			productName = "BMI Calculator";
			productReference = BB5350B1270959600055B143 /* BMI Calculator.app */;
			productType = "com.apple.product-type.application";
		};
		BB5350C6270959610055B143 /* BMI CalculatorTests */ = {
			isa = PBXNativeTarget;
			buildConfigurationList = BB5350DE270959610055B143 /* Build configuration list for PBXNativeTarget "BMI CalculatorTests" */;
			buildPhases = (
				BB5350C3270959610055B143 /* Sources */,
				BB5350C4270959610055B143 /* Frameworks */,
				BB5350C5270959610055B143 /* Resources */,
			);
			buildRules = (
			);
			dependencies = (
				BB5350C9270959610055B143 /* PBXTargetDependency */,
			);
			name = "BMI CalculatorTests";
			productName = "BMI CalculatorTests";
			productReference = BB5350C7270959610055B143 /* BMI CalculatorTests.xctest */;
			productType = "com.apple.product-type.bundle.unit-test";
		};
		BB5350D1270959610055B143 /* BMI CalculatorUITests */ = {
			isa = PBXNativeTarget;
			buildConfigurationList = BB5350E1270959610055B143 /* Build configuration list for PBXNativeTarget "BMI CalculatorUITests" */;
			buildPhases = (
				BB5350CE270959610055B143 /* Sources */,
				BB5350CF270959610055B143 /* Frameworks */,
				BB5350D0270959610055B143 /* Resources */,
			);
			buildRules = (
			);
			dependencies = (
				BB5350D4270959610055B143 /* PBXTargetDependency */,
			);
			name = "BMI CalculatorUITests";
			productName = "BMI CalculatorUITests";
			productReference = BB5350D2270959610055B143 /* BMI CalculatorUITests.xctest */;
			productType = "com.apple.product-type.bundle.ui-testing";
		};
/* End PBXNativeTarget section */

/* Begin PBXProject section */
		BB5350A9270959600055B143 /* Project object */ = {
			isa = PBXProject;
			attributes = {
				LastSwiftUpdateCheck = 1250;
				LastUpgradeCheck = 1250;
				TargetAttributes = {
					BB5350B0270959600055B143 = {
						CreatedOnToolsVersion = 12.5.1;
					};
					BB5350C6270959610055B143 = {
						CreatedOnToolsVersion = 12.5.1;
						TestTargetID = BB5350B0270959600055B143;
					};
					BB5350D1270959610055B143 = {
						CreatedOnToolsVersion = 12.5.1;
						TestTargetID = BB5350B0270959600055B143;
					};
				};
			};
			buildConfigurationList = BB5350AC270959600055B143 /* Build configuration list for PBXProject "BMI Calculator" */;
			compatibilityVersion = "Xcode 9.3";
			developmentRegion = en;
			hasScannedForEncodings = 0;
			knownRegions = (
				en,
				Base,
			);
			mainGroup = BB5350A8270959600055B143;
			productRefGroup = BB5350B2270959600055B143 /* Products */;
			projectDirPath = "";
			projectRoot = "";
			targets = (
				BB5350B0270959600055B143 /* BMI Calculator */,
				BB5350C6270959610055B143 /* BMI CalculatorTests */,
				BB5350D1270959610055B143 /* BMI CalculatorUITests */,
			);
		};
/* End PBXProject section */

/* Begin PBXResourcesBuildPhase section */
		BB5350AF270959600055B143 /* Resources */ = {
			isa = PBXResourcesBuildPhase;
			buildActionMask = 2147483647;
			files = (
				BB5350F727095F740055B143 /* Main.storyboard in Resources */,
				BB5350C1270959610055B143 /* LaunchScreen.storyboard in Resources */,
				BB5350BE270959610055B143 /* Assets.xcassets in Resources */,
			);
			runOnlyForDeploymentPostprocessing = 0;
		};
		BB5350C5270959610055B143 /* Resources */ = {
			isa = PBXResourcesBuildPhase;
			buildActionMask = 2147483647;
			files = (
			);
			runOnlyForDeploymentPostprocessing = 0;
		};
		BB5350D0270959610055B143 /* Resources */ = {
			isa = PBXResourcesBuildPhase;
			buildActionMask = 2147483647;
			files = (
			);
			runOnlyForDeploymentPostprocessing = 0;
		};
/* End PBXResourcesBuildPhase section */

/* Begin PBXSourcesBuildPhase section */
		BB5350AD270959600055B143 /* Sources */ = {
			isa = PBXSourcesBuildPhase;
			buildActionMask = 2147483647;
			files = (
				BB5350E927095AD20055B143 /* BMI.swift in Sources */,
				BB5350F9270969790055B143 /* ResultViewController.swift in Sources */,
				BB5350FB27096F8F0055B143 /* kad.swift in Sources */,
				BB5350B5270959600055B143 /* AppDelegate.swift in Sources */,
				BB5350E727095AB70055B143 /* CalculatorBrain.swift in Sources */,
				BB5350B7270959600055B143 /* SceneDelegate.swift in Sources */,
				BB5350ED27095B550055B143 /* CalculateViewController.swift in Sources */,
			);
			runOnlyForDeploymentPostprocessing = 0;
		};
		BB5350C3270959610055B143 /* Sources */ = {
			isa = PBXSourcesBuildPhase;
			buildActionMask = 2147483647;
			files = (
				BB5350CC270959610055B143 /* BMI_CalculatorTests.swift in Sources */,
			);
			runOnlyForDeploymentPostprocessing = 0;
		};
		BB5350CE270959610055B143 /* Sources */ = {
			isa = PBXSourcesBuildPhase;
			buildActionMask = 2147483647;
			files = (
				BB5350D7270959610055B143 /* BMI_CalculatorUITests.swift in Sources */,
			);
			runOnlyForDeploymentPostprocessing = 0;
		};
/* End PBXSourcesBuildPhase section */

/* Begin PBXTargetDependency section */
		BB5350C9270959610055B143 /* PBXTargetDependency */ = {
			isa = PBXTargetDependency;
			target = BB5350B0270959600055B143 /* BMI Calculator */;
			targetProxy = BB5350C8270959610055B143 /* PBXContainerItemProxy */;
		};
		BB5350D4270959610055B143 /* PBXTargetDependency */ = {
			isa = PBXTargetDependency;
			target = BB5350B0270959600055B143 /* BMI Calculator */;
			targetProxy = BB5350D3270959610055B143 /* PBXContainerItemProxy */;
		};
/* End PBXTargetDependency section */

/* Begin PBXVariantGroup section */
		BB5350BF270959610055B143 /* LaunchScreen.storyboard */ = {
			isa = PBXVariantGroup;
			children = (
				BB5350C0270959610055B143 /* Base */,
			);
			name = LaunchScreen.storyboard;
			sourceTree = "<group>";
		};
/* End PBXVariantGroup section */

/* Begin XCBuildConfiguration section */
		BB5350D9270959610055B143 /* Debug */ = {
			isa = XCBuildConfiguration;
			buildSettings = {
				ALWAYS_SEARCH_USER_PATHS = NO;
				CLANG_ANALYZER_NONNULL = YES;
				CLANG_ANALYZER_NUMBER_OBJECT_CONVERSION = YES_AGGRESSIVE;
				CLANG_CXX_LANGUAGE_STANDARD = "gnu++14";
				CLANG_CXX_LIBRARY = "libc++";
				CLANG_ENABLE_MODULES = YES;
				CLANG_ENABLE_OBJC_ARC = YES;
				CLANG_ENABLE_OBJC_WEAK = YES;
				CLANG_WARN_BLOCK_CAPTURE_AUTORELEASING = YES;
				CLANG_WARN_BOOL_CONVERSION = YES;
				CLANG_WARN_COMMA = YES;
				CLANG_WARN_CONSTANT_CONVERSION = YES;
				CLANG_WARN_DEPRECATED_OBJC_IMPLEMENTATIONS = YES;
				CLANG_WARN_DIRECT_OBJC_ISA_USAGE = YES_ERROR;
				CLANG_WARN_DOCUMENTATION_COMMENTS = YES;
				CLANG_WARN_EMPTY_BODY = YES;
				CLANG_WARN_ENUM_CONVERSION = YES;
				CLANG_WARN_INFINITE_RECURSION = YES;
				CLANG_WARN_INT_CONVERSION = YES;
				CLANG_WARN_NON_LITERAL_NULL_CONVERSION = YES;
				CLANG_WARN_OBJC_IMPLICIT_RETAIN_SELF = YES;
				CLANG_WARN_OBJC_LITERAL_CONVERSION = YES;
				CLANG_WARN_OBJC_ROOT_CLASS = YES_ERROR;
				CLANG_WARN_QUOTED_INCLUDE_IN_FRAMEWORK_HEADER = YES;
				CLANG_WARN_RANGE_LOOP_ANALYSIS = YES;
				CLANG_WARN_STRICT_PROTOTYPES = YES;
				CLANG_WARN_SUSPICIOUS_MOVE = YES;
				CLANG_WARN_UNGUARDED_AVAILABILITY = YES_AGGRESSIVE;
				CLANG_WARN_UNREACHABLE_CODE = YES;
				CLANG_WARN__DUPLICATE_METHOD_MATCH = YES;
				COPY_PHASE_STRIP = NO;
				DEBUG_INFORMATION_FORMAT = dwarf;
				ENABLE_STRICT_OBJC_MSGSEND = YES;
				ENABLE_TESTABILITY = YES;
				GCC_C_LANGUAGE_STANDARD = gnu11;
				GCC_DYNAMIC_NO_PIC = NO;
				GCC_NO_COMMON_BLOCKS = YES;
				GCC_OPTIMIZATION_LEVEL = 0;
				GCC_PREPROCESSOR_DEFINITIONS = (
					"DEBUG=1",
					"$(inherited)",
				);
				GCC_WARN_64_TO_32_BIT_CONVERSION = YES;
				GCC_WARN_ABOUT_RETURN_TYPE = YES_ERROR;
				GCC_WARN_UNDECLARED_SELECTOR = YES;
				GCC_WARN_UNINITIALIZED_AUTOS = YES_AGGRESSIVE;
				GCC_WARN_UNUSED_FUNCTION = YES;
				GCC_WARN_UNUSED_VARIABLE = YES;
				IPHONEOS_DEPLOYMENT_TARGET = 14.5;
				MTL_ENABLE_DEBUG_INFO = INCLUDE_SOURCE;
				MTL_FAST_MATH = YES;
				ONLY_ACTIVE_ARCH = YES;
				SDKROOT = iphoneos;
				SWIFT_ACTIVE_COMPILATION_CONDITIONS = DEBUG;
				SWIFT_OPTIMIZATION_LEVEL = "-Onone";
			};
			name = Debug;
		};
		BB5350DA270959610055B143 /* Release */ = {
			isa = XCBuildConfiguration;
			buildSettings = {
				ALWAYS_SEARCH_USER_PATHS = NO;
				CLANG_ANALYZER_NONNULL = YES;
				CLANG_ANALYZER_NUMBER_OBJECT_CONVERSION = YES_AGGRESSIVE;
				CLANG_CXX_LANGUAGE_STANDARD = "gnu++14";
				CLANG_CXX_LIBRARY = "libc++";
				CLANG_ENABLE_MODULES = YES;
				CLANG_ENABLE_OBJC_ARC = YES;
				CLANG_ENABLE_OBJC_WEAK = YES;
				CLANG_WARN_BLOCK_CAPTURE_AUTORELEASING = YES;
				CLANG_WARN_BOOL_CONVERSION = YES;
				CLANG_WARN_COMMA = YES;
				CLANG_WARN_CONSTANT_CONVERSION = YES;
				CLANG_WARN_DEPRECATED_OBJC_IMPLEMENTATIONS = YES;
				CLANG_WARN_DIRECT_OBJC_ISA_USAGE = YES_ERROR;
				CLANG_WARN_DOCUMENTATION_COMMENTS = YES;
				CLANG_WARN_EMPTY_BODY = YES;
				CLANG_WARN_ENUM_CONVERSION = YES;
				CLANG_WARN_INFINITE_RECURSION = YES;
				CLANG_WARN_INT_CONVERSION = YES;
				CLANG_WARN_NON_LITERAL_NULL_CONVERSION = YES;
				CLANG_WARN_OBJC_IMPLICIT_RETAIN_SELF = YES;
				CLANG_WARN_OBJC_LITERAL_CONVERSION = YES;
				CLANG_WARN_OBJC_ROOT_CLASS = YES_ERROR;
				CLANG_WARN_QUOTED_INCLUDE_IN_FRAMEWORK_HEADER = YES;
				CLANG_WARN_RANGE_LOOP_ANALYSIS = YES;
				CLANG_WARN_STRICT_PROTOTYPES = YES;
				CLANG_WARN_SUSPICIOUS_MOVE = YES;
				CLANG_WARN_UNGUARDED_AVAILABILITY = YES_AGGRESSIVE;
				CLANG_WARN_UNREACHABLE_CODE = YES;
				CLANG_WARN__DUPLICATE_METHOD_MATCH = YES;
				COPY_PHASE_STRIP = NO;
				DEBUG_INFORMATION_FORMAT = "dwarf-with-dsym";
				ENABLE_NS_ASSERTIONS = NO;
				ENABLE_STRICT_OBJC_MSGSEND = YES;
				GCC_C_LANGUAGE_STANDARD = gnu11;
				GCC_NO_COMMON_BLOCKS = YES;
				GCC_WARN_64_TO_32_BIT_CONVERSION = YES;
				GCC_WARN_ABOUT_RETURN_TYPE = YES_ERROR;
				GCC_WARN_UNDECLARED_SELECTOR = YES;
				GCC_WARN_UNINITIALIZED_AUTOS = YES_AGGRESSIVE;
				GCC_WARN_UNUSED_FUNCTION = YES;
				GCC_WARN_UNUSED_VARIABLE = YES;
				IPHONEOS_DEPLOYMENT_TARGET = 14.5;
				MTL_ENABLE_DEBUG_INFO = NO;
				MTL_FAST_MATH = YES;
				SDKROOT = iphoneos;
				SWIFT_COMPILATION_MODE = wholemodule;
				SWIFT_OPTIMIZATION_LEVEL = "-O";
				VALIDATE_PRODUCT = YES;
			};
			name = Release;
		};
		BB5350DC270959610055B143 /* Debug */ = {
			isa = XCBuildConfiguration;
			buildSettings = {
				ASSETCATALOG_COMPILER_APPICON_NAME = AppIcon;
				ASSETCATALOG_COMPILER_GLOBAL_ACCENT_COLOR_NAME = AccentColor;
				CODE_SIGN_STYLE = Automatic;
				INFOPLIST_FILE = "BMI Calculator/Info.plist";
				LD_RUNPATH_SEARCH_PATHS = (
					"$(inherited)",
					"@executable_path/Frameworks",
				);
				PRODUCT_BUNDLE_IDENTIFIER = "com.karthik.BMI-Calculator";
				PRODUCT_NAME = "$(TARGET_NAME)";
				SWIFT_VERSION = 5.0;
				TARGETED_DEVICE_FAMILY = "1,2";
			};
			name = Debug;
		};
		BB5350DD270959610055B143 /* Release */ = {
			isa = XCBuildConfiguration;
			buildSettings = {
				ASSETCATALOG_COMPILER_APPICON_NAME = AppIcon;
				ASSETCATALOG_COMPILER_GLOBAL_ACCENT_COLOR_NAME = AccentColor;
				CODE_SIGN_STYLE = Automatic;
				INFOPLIST_FILE = "BMI Calculator/Info.plist";
				LD_RUNPATH_SEARCH_PATHS = (
					"$(inherited)",
					"@executable_path/Frameworks",
				);
				PRODUCT_BUNDLE_IDENTIFIER = "com.karthik.BMI-Calculator";
				PRODUCT_NAME = "$(TARGET_NAME)";
				SWIFT_VERSION = 5.0;
				TARGETED_DEVICE_FAMILY = "1,2";
			};
			name = Release;
		};
		BB5350DF270959610055B143 /* Debug */ = {
			isa = XCBuildConfiguration;
			buildSettings = {
				ALWAYS_EMBED_SWIFT_STANDARD_LIBRARIES = YES;
				BUNDLE_LOADER = "$(TEST_HOST)";
				CODE_SIGN_STYLE = Automatic;
				INFOPLIST_FILE = "BMI CalculatorTests/Info.plist";
				IPHONEOS_DEPLOYMENT_TARGET = 14.5;
				LD_RUNPATH_SEARCH_PATHS = (
					"$(inherited)",
					"@executable_path/Frameworks",
					"@loader_path/Frameworks",
				);
				PRODUCT_BUNDLE_IDENTIFIER = "com.karthik.BMI-CalculatorTests";
				PRODUCT_NAME = "$(TARGET_NAME)";
				SWIFT_VERSION = 5.0;
				TARGETED_DEVICE_FAMILY = "1,2";
				TEST_HOST = "$(BUILT_PRODUCTS_DIR)/BMI Calculator.app/BMI Calculator";
			};
			name = Debug;
		};
		BB5350E0270959610055B143 /* Release */ = {
			isa = XCBuildConfiguration;
			buildSettings = {
				ALWAYS_EMBED_SWIFT_STANDARD_LIBRARIES = YES;
				BUNDLE_LOADER = "$(TEST_HOST)";
				CODE_SIGN_STYLE = Automatic;
				INFOPLIST_FILE = "BMI CalculatorTests/Info.plist";
				IPHONEOS_DEPLOYMENT_TARGET = 14.5;
				LD_RUNPATH_SEARCH_PATHS = (
					"$(inherited)",
					"@executable_path/Frameworks",
					"@loader_path/Frameworks",
				);
				PRODUCT_BUNDLE_IDENTIFIER = "com.karthik.BMI-CalculatorTests";
				PRODUCT_NAME = "$(TARGET_NAME)";
				SWIFT_VERSION = 5.0;
				TARGETED_DEVICE_FAMILY = "1,2";
				TEST_HOST = "$(BUILT_PRODUCTS_DIR)/BMI Calculator.app/BMI Calculator";
			};
			name = Release;
		};
		BB5350E2270959610055B143 /* Debug */ = {
			isa = XCBuildConfiguration;
			buildSettings = {
				ALWAYS_EMBED_SWIFT_STANDARD_LIBRARIES = YES;
				CODE_SIGN_STYLE = Automatic;
				INFOPLIST_FILE = "BMI CalculatorUITests/Info.plist";
				LD_RUNPATH_SEARCH_PATHS = (
					"$(inherited)",
					"@executable_path/Frameworks",
					"@loader_path/Frameworks",
				);
				PRODUCT_BUNDLE_IDENTIFIER = "com.karthik.BMI-CalculatorUITests";
				PRODUCT_NAME = "$(TARGET_NAME)";
				SWIFT_VERSION = 5.0;
				TARGETED_DEVICE_FAMILY = "1,2";
				TEST_TARGET_NAME = "BMI Calculator";
			};
			name = Debug;
		};
		BB5350E3270959610055B143 /* Release */ = {
			isa = XCBuildConfiguration;
			buildSettings = {
				ALWAYS_EMBED_SWIFT_STANDARD_LIBRARIES = YES;
				CODE_SIGN_STYLE = Automatic;
				INFOPLIST_FILE = "BMI CalculatorUITests/Info.plist";
				LD_RUNPATH_SEARCH_PATHS = (
					"$(inherited)",
					"@executable_path/Frameworks",
					"@loader_path/Frameworks",
				);
				PRODUCT_BUNDLE_IDENTIFIER = "com.karthik.BMI-CalculatorUITests";
				PRODUCT_NAME = "$(TARGET_NAME)";
				SWIFT_VERSION = 5.0;
				TARGETED_DEVICE_FAMILY = "1,2";
				TEST_TARGET_NAME = "BMI Calculator";
			};
			name = Release;
		};
/* End XCBuildConfiguration section */

/* Begin XCConfigurationList section */
		BB5350AC270959600055B143 /* Build configuration list for PBXProject "BMI Calculator" */ = {
			isa = XCConfigurationList;
			buildConfigurations = (
				BB5350D9270959610055B143 /* Debug */,
				BB5350DA270959610055B143 /* Release */,
			);
			defaultConfigurationIsVisible = 0;
			defaultConfigurationName = Release;
		};
		BB5350DB270959610055B143 /* Build configuration list for PBXNativeTarget "BMI Calculator" */ = {
			isa = XCConfigurationList;
			buildConfigurations = (
				BB5350DC270959610055B143 /* Debug */,
				BB5350DD270959610055B143 /* Release */,
			);
			defaultConfigurationIsVisible = 0;
			defaultConfigurationName = Release;
		};
		BB5350DE270959610055B143 /* Build configuration list for PBXNativeTarget "BMI CalculatorTests" */ = {
			isa = XCConfigurationList;
			buildConfigurations = (
				BB5350DF270959610055B143 /* Debug */,
				BB5350E0270959610055B143 /* Release */,
			);
			defaultConfigurationIsVisible = 0;
			defaultConfigurationName = Release;
		};
		BB5350E1270959610055B143 /* Build configuration list for PBXNativeTarget "BMI CalculatorUITests" */ = {
			isa = XCConfigurationList;
			buildConfigurations = (
				BB5350E2270959610055B143 /* Debug */,
				BB5350E3270959610055B143 /* Release */,
			);
			defaultConfigurationIsVisible = 0;
			defaultConfigurationName = Release;
		};
/* End XCConfigurationList section */
	};
	rootObject = BB5350A9270959600055B143 /* Project object */;
}
